
Microsoft Visual Studio Solution File, Format Version 12.00
# Visual Studio Version 17
VisualStudioVersion = 17.5.33530.505
MinimumVisualStudioVersion = 10.0.40219.1
Project("{888888A0-9F3D-457C-B088-3A5042F75D52}") = "snap", "snap.pyproj", "{A15D3FF4-D3A4-4EE7-B93F-BD283E353338}"
EndProject
Global
	GlobalSection(SolutionConfigurationPlatforms) = preSolution
		Debug|Any CPU = Debug|Any CPU
		Release|Any CPU = Release|Any CPU
	EndGlobalSection
	GlobalSection(ProjectConfigurationPlatforms) = postSolution
		{A15D3FF4-D3A4-4EE7-B93F-BD283E353338}.Debug|Any CPU.ActiveCfg = Debug|Any CPU
		{A15D3FF4-D3A4-4EE7-B93F-BD283E353338}.Release|Any CPU.ActiveCfg = Release|Any CPU
	EndGlobalSection
	GlobalSection(SolutionProperties) = preSolution
		HideSolutionNode = FALSE
	EndGlobalSection
	GlobalSection(ExtensibilityGlobals) = postSolution
		SolutionGuid = {6B831179-B612-498C-BE9E-91C078091739}
	EndGlobalSection
EndGlobal
